
Microsoft Visual Studio Solution File, Format Version 12.00
# Visual Studio Version 16
VisualStudioVersion = 16.0.33927.289
MinimumVisualStudioVersion = 10.0.40219.1
Project("{FAE04EC0-301F-11D3-BF4B-00C04F79EFBC}") = "examenSasfCSharp", "examenSasfCSharp\examenSasfCSharp.csproj", "{745C93BC-99FB-4614-B79B-5B347A18B14D}"
EndProject
Global
	GlobalSection(SolutionConfigurationPlatforms) = preSolution
		Debug|Any CPU = Debug|Any CPU
		Release|Any CPU = Release|Any CPU
	EndGlobalSection
	GlobalSection(ProjectConfigurationPlatforms) = postSolution
		{745C93BC-99FB-4614-B79B-5B347A18B14D}.Debug|Any CPU.ActiveCfg = Debug|Any CPU
		{745C93BC-99FB-4614-B79B-5B347A18B14D}.Debug|Any CPU.Build.0 = Debug|Any CPU
		{745C93BC-99FB-4614-B79B-5B347A18B14D}.Release|Any CPU.ActiveCfg = Release|Any CPU
		{745C93BC-99FB-4614-B79B-5B347A18B14D}.Release|Any CPU.Build.0 = Release|Any CPU
	EndGlobalSection
	GlobalSection(SolutionProperties) = preSolution
		HideSolutionNode = FALSE
	EndGlobalSection
	GlobalSection(ExtensibilityGlobals) = postSolution
		SolutionGuid = {66E582BA-73FA-452B-AB8D-7ACCB141CDA0}
	EndGlobalSection
EndGlobal
